
Microsoft Visual Studio Solution File, Format Version 12.00
# Visual Studio 15
Project("{FAE04EC0-301F-11D3-BF4B-00C04F79EFBC}") = "Assembly-CSharp", "Assembly-CSharp.csproj", "{EC4C125F-FDA8-92A6-6E6F-31B3EF4F0EFE}"
EndProject
Project("{FAE04EC0-301F-11D3-BF4B-00C04F79EFBC}") = "EditorMigrationScripts", "EditorMigrationScripts.csproj", "{DC78BCEA-7B3A-293C-D5DA-7DAADEF1A1CA}"
EndProject
Global
	GlobalSection(SolutionConfigurationPlatforms) = preSolution
		Debug|Any CPU = Debug|Any CPU
		Release|Any CPU = Release|Any CPU
	EndGlobalSection
	GlobalSection(ProjectConfigurationPlatforms) = postSolution
		{EC4C125F-FDA8-92A6-6E6F-31B3EF4F0EFE}.Debug|Any CPU.ActiveCfg = Debug|Any CPU
		{EC4C125F-FDA8-92A6-6E6F-31B3EF4F0EFE}.Debug|Any CPU.Build.0 = Debug|Any CPU
		{EC4C125F-FDA8-92A6-6E6F-31B3EF4F0EFE}.Release|Any CPU.ActiveCfg = Release|Any CPU
		{EC4C125F-FDA8-92A6-6E6F-31B3EF4F0EFE}.Release|Any CPU.Build.0 = Release|Any CPU
		{DC78BCEA-7B3A-293C-D5DA-7DAADEF1A1CA}.Debug|Any CPU.ActiveCfg = Debug|Any CPU
		{DC78BCEA-7B3A-293C-D5DA-7DAADEF1A1CA}.Debug|Any CPU.Build.0 = Debug|Any CPU
		{DC78BCEA-7B3A-293C-D5DA-7DAADEF1A1CA}.Release|Any CPU.ActiveCfg = Release|Any CPU
		{DC78BCEA-7B3A-293C-D5DA-7DAADEF1A1CA}.Release|Any CPU.Build.0 = Release|Any CPU
	EndGlobalSection
	GlobalSection(SolutionProperties) = preSolution
		HideSolutionNode = FALSE
	EndGlobalSection
EndGlobal
