
Microsoft Visual Studio Solution File, Format Version 12.00
# Visual Studio 15
Project("{FAE04EC0-301F-11D3-BF4B-00C04F79EFBC}") = "Assembly-CSharp", "Assembly-CSharp.csproj", "{1CD88B9D-5BE4-C29E-58BD-9C8C77C7888C}"
EndProject
Project("{FAE04EC0-301F-11D3-BF4B-00C04F79EFBC}") = "EditorMigrationScripts", "EditorMigrationScripts.csproj", "{780ACE37-77CE-C689-7516-9C399A27C255}"
EndProject
Global
	GlobalSection(SolutionConfigurationPlatforms) = preSolution
		Debug|Any CPU = Debug|Any CPU
		Release|Any CPU = Release|Any CPU
	EndGlobalSection
	GlobalSection(ProjectConfigurationPlatforms) = postSolution
		{1CD88B9D-5BE4-C29E-58BD-9C8C77C7888C}.Debug|Any CPU.ActiveCfg = Debug|Any CPU
		{1CD88B9D-5BE4-C29E-58BD-9C8C77C7888C}.Debug|Any CPU.Build.0 = Debug|Any CPU
		{1CD88B9D-5BE4-C29E-58BD-9C8C77C7888C}.Release|Any CPU.ActiveCfg = Release|Any CPU
		{1CD88B9D-5BE4-C29E-58BD-9C8C77C7888C}.Release|Any CPU.Build.0 = Release|Any CPU
		{780ACE37-77CE-C689-7516-9C399A27C255}.Debug|Any CPU.ActiveCfg = Debug|Any CPU
		{780ACE37-77CE-C689-7516-9C399A27C255}.Debug|Any CPU.Build.0 = Debug|Any CPU
		{780ACE37-77CE-C689-7516-9C399A27C255}.Release|Any CPU.ActiveCfg = Release|Any CPU
		{780ACE37-77CE-C689-7516-9C399A27C255}.Release|Any CPU.Build.0 = Release|Any CPU
	EndGlobalSection
	GlobalSection(SolutionProperties) = preSolution
		HideSolutionNode = FALSE
	EndGlobalSection
EndGlobal
